<Solution>
  <Folder Name="/src/">
    <Project Path="src/Dashboard.Core/Dashboard.Core.csproj" />
    <Project Path="src/Dashboard.Agent/Dashboard.Agent.csproj" />
    <Project Path="src/PcAiDashboard/PcAiDashboard.csproj" />
  </Folder>
  <Folder Name="/tests/">
    <Project Path="tests/PcAiDashboard.Checks/PcAiDashboard.Checks.csproj" />
  </Folder>
</Solution>
